
Microsoft Visual Studio Solution File, Format Version 12.00
# Visual Studio Version 17
VisualStudioVersion = 17.5.002.0
MinimumVisualStudioVersion = 10.0.40219.1
Project("{9A19103F-16F7-4668-BE54-9A1E7A4F7556}") = "Mercia", "Mercia.csproj", "{FE30BEF3-F535-4CA6-9AFB-046929725C50}"
EndProject
Global
	GlobalSection(SolutionConfigurationPlatforms) = preSolution
		Debug|Any CPU = Debug|Any CPU
		Release|Any CPU = Release|Any CPU
	EndGlobalSection
	GlobalSection(ProjectConfigurationPlatforms) = postSolution
		{FE30BEF3-F535-4CA6-9AFB-046929725C50}.Debug|Any CPU.ActiveCfg = Debug|Any CPU
		{FE30BEF3-F535-4CA6-9AFB-046929725C50}.Debug|Any CPU.Build.0 = Debug|Any CPU
		{FE30BEF3-F535-4CA6-9AFB-046929725C50}.Release|Any CPU.ActiveCfg = Release|Any CPU
		{FE30BEF3-F535-4CA6-9AFB-046929725C50}.Release|Any CPU.Build.0 = Release|Any CPU
	EndGlobalSection
	GlobalSection(SolutionProperties) = preSolution
		HideSolutionNode = FALSE
	EndGlobalSection
	GlobalSection(ExtensibilityGlobals) = postSolution
		SolutionGuid = {E87CC39E-4F7F-445F-95B6-81B5D2C9CF1E}
	EndGlobalSection
EndGlobal
